
Microsoft Visual Studio Solution File, Format Version 12.00
# Visual Studio 2015
Project("{FAE04EC0-301F-11D3-BF4B-00C04F79EFBC}") = "Manson 25_10.CSharp.Plugins", "Manson 25_10.CSharp.Plugins.csproj", "{B9CA1F36-4305-A325-8832-9558A396BBCD}"
EndProject
Project("{FAE04EC0-301F-11D3-BF4B-00C04F79EFBC}") = "Manson 25_10.CSharp", "Manson 25_10.CSharp.csproj", "{F0857966-794A-8A13-F0B6-DF972458AEBF}"
EndProject
Project("{FAE04EC0-301F-11D3-BF4B-00C04F79EFBC}") = "Manson 25_10.CSharp.Editor", "Manson 25_10.CSharp.Editor.csproj", "{5476F5C9-FB39-A44A-9645-319339D485D6}"
EndProject
Global
	GlobalSection(SolutionConfigurationPlatforms) = preSolution
		Debug|Any CPU = Debug|Any CPU
		Release|Any CPU = Release|Any CPU
	EndGlobalSection
	GlobalSection(ProjectConfigurationPlatforms) = postSolution
		{B9CA1F36-4305-A325-8832-9558A396BBCD}.Debug|Any CPU.ActiveCfg = Debug|Any CPU
		{B9CA1F36-4305-A325-8832-9558A396BBCD}.Debug|Any CPU.Build.0 = Debug|Any CPU
		{B9CA1F36-4305-A325-8832-9558A396BBCD}.Release|Any CPU.ActiveCfg = Release|Any CPU
		{B9CA1F36-4305-A325-8832-9558A396BBCD}.Release|Any CPU.Build.0 = Release|Any CPU
		{F0857966-794A-8A13-F0B6-DF972458AEBF}.Debug|Any CPU.ActiveCfg = Debug|Any CPU
		{F0857966-794A-8A13-F0B6-DF972458AEBF}.Debug|Any CPU.Build.0 = Debug|Any CPU
		{F0857966-794A-8A13-F0B6-DF972458AEBF}.Release|Any CPU.ActiveCfg = Release|Any CPU
		{F0857966-794A-8A13-F0B6-DF972458AEBF}.Release|Any CPU.Build.0 = Release|Any CPU
		{5476F5C9-FB39-A44A-9645-319339D485D6}.Debug|Any CPU.ActiveCfg = Debug|Any CPU
		{5476F5C9-FB39-A44A-9645-319339D485D6}.Debug|Any CPU.Build.0 = Debug|Any CPU
		{5476F5C9-FB39-A44A-9645-319339D485D6}.Release|Any CPU.ActiveCfg = Release|Any CPU
		{5476F5C9-FB39-A44A-9645-319339D485D6}.Release|Any CPU.Build.0 = Release|Any CPU
	EndGlobalSection
	GlobalSection(SolutionProperties) = preSolution
		HideSolutionNode = FALSE
	EndGlobalSection
EndGlobal
